
Microsoft Visual Studio Solution File, Format Version 12.00
# Visual Studio Version 17
VisualStudioVersion = 17.6.33723.286
MinimumVisualStudioVersion = 10.0.40219.1
Project("{9A19103F-16F7-4668-BE54-9A1E7A4F7556}") = "RazorPizzaria", "RazorPizzaria\RazorPizzaria.csproj", "{7D26B829-1719-4C7A-B13F-177AFEF6B724}"
EndProject
Global
	GlobalSection(SolutionConfigurationPlatforms) = preSolution
		Debug|Any CPU = Debug|Any CPU
		Release|Any CPU = Release|Any CPU
	EndGlobalSection
	GlobalSection(ProjectConfigurationPlatforms) = postSolution
		{7D26B829-1719-4C7A-B13F-177AFEF6B724}.Debug|Any CPU.ActiveCfg = Debug|Any CPU
		{7D26B829-1719-4C7A-B13F-177AFEF6B724}.Debug|Any CPU.Build.0 = Debug|Any CPU
		{7D26B829-1719-4C7A-B13F-177AFEF6B724}.Release|Any CPU.ActiveCfg = Release|Any CPU
		{7D26B829-1719-4C7A-B13F-177AFEF6B724}.Release|Any CPU.Build.0 = Release|Any CPU
	EndGlobalSection
	GlobalSection(SolutionProperties) = preSolution
		HideSolutionNode = FALSE
	EndGlobalSection
	GlobalSection(ExtensibilityGlobals) = postSolution
		SolutionGuid = {5F0193E7-6C36-4109-AAA3-F05380A6C226}
	EndGlobalSection
EndGlobal
